// !$*UTF8*$!
{
	archiveVersion = 1;
	classes = {
	};
	objectVersion = 46;
	objects = {

/* Begin PBXBuildFile section */
		74F891E81E85B1EB00B544E6 /* AppDelegate.swift in Sources */ = {isa = PBXBuildFile; fileRef = 74F891E71E85B1EB00B544E6 /* AppDelegate.swift */; };
		74F891EA1E85B1EB00B544E6 /* ViewController.swift in Sources */ = {isa = PBXBuildFile; fileRef = 74F891E91E85B1EB00B544E6 /* ViewController.swift */; };
		74F891ED1E85B1EB00B544E6 /* Main.storyboard in Resources */ = {isa = PBXBuildFile; fileRef = 74F891EB1E85B1EB00B544E6 /* Main.storyboard */; };
		74F891EF1E85B1EB00B544E6 /* Assets.xcassets in Resources */ = {isa = PBXBuildFile; fileRef = 74F891EE1E85B1EB00B544E6 /* Assets.xcassets */; };
		74F891F21E85B1EB00B544E6 /* LaunchScreen.storyboard in Resources */ = {isa = PBXBuildFile; fileRef = 74F891F01E85B1EB00B544E6 /* LaunchScreen.storyboard */; };
		74F891FD1E85B1EB00B544E6 /* RainOrShineTests.swift in Sources */ = {isa = PBXBuildFile; fileRef = 74F891FC1E85B1EB00B544E6 /* RainOrShineTests.swift */; };
		74F892081E85B1EC00B544E6 /* RainOrShineUITests.swift in Sources */ = {isa = PBXBuildFile; fileRef = 74F892071E85B1EC00B544E6 /* RainOrShineUITests.swift */; };
/* End PBXBuildFile section */

/* Begin PBXContainerItemProxy section */
		74F891F91E85B1EB00B544E6 /* PBXContainerItemProxy */ = {
			isa = PBXContainerItemProxy;
			containerPortal = 74F891DC1E85B1EB00B544E6 /* Project object */;
			proxyType = 1;
			remoteGlobalIDString = 74F891E31E85B1EB00B544E6;
			remoteInfo = RainOrShine;
		};
		74F892041E85B1EC00B544E6 /* PBXContainerItemProxy */ = {
			isa = PBXContainerItemProxy;
			containerPortal = 74F891DC1E85B1EB00B544E6 /* Project object */;
			proxyType = 1;
			remoteGlobalIDString = 74F891E31E85B1EB00B544E6;
			remoteInfo = RainOrShine;
		};
/* End PBXContainerItemProxy section */

/* Begin PBXFileReference section */
		74F891E41E85B1EB00B544E6 /* RainOrShine.app */ = {isa = PBXFileReference; explicitFileType = wrapper.application; includeInIndex = 0; path = RainOrShine.app; sourceTree = BUILT_PRODUCTS_DIR; };
		74F891E71E85B1EB00B544E6 /* AppDelegate.swift */ = {isa = PBXFileReference; lastKnownFileType = sourcecode.swift; path = AppDelegate.swift; sourceTree = "<group>"; };
		74F891E91E85B1EB00B544E6 /* ViewController.swift */ = {isa = PBXFileReference; lastKnownFileType = sourcecode.swift; path = ViewController.swift; sourceTree = "<group>"; };
		74F891EC1E85B1EB00B544E6 /* Base */ = {isa = PBXFileReference; lastKnownFileType = file.storyboard; name = Base; path = Base.lproj/Main.storyboard; sourceTree = "<group>"; };
		74F891EE1E85B1EB00B544E6 /* Assets.xcassets */ = {isa = PBXFileReference; lastKnownFileType = folder.assetcatalog; path = Assets.xcassets; sourceTree = "<group>"; };
		74F891F11E85B1EB00B544E6 /* Base */ = {isa = PBXFileReference; lastKnownFileType = file.storyboard; name = Base; path = Base.lproj/LaunchScreen.storyboard; sourceTree = "<group>"; };
		74F891F31E85B1EB00B544E6 /* Info.plist */ = {isa = PBXFileReference; lastKnownFileType = text.plist.xml; path = Info.plist; sourceTree = "<group>"; };
		74F891F81E85B1EB00B544E6 /* RainOrShineTests.xctest */ = {isa = PBXFileReference; explicitFileType = wrapper.cfbundle; includeInIndex = 0; path = RainOrShineTests.xctest; sourceTree = BUILT_PRODUCTS_DIR; };
		74F891FC1E85B1EB00B544E6 /* RainOrShineTests.swift */ = {isa = PBXFileReference; lastKnownFileType = sourcecode.swift; path = RainOrShineTests.swift; sourceTree = "<group>"; };
		74F891FE1E85B1EB00B544E6 /* Info.plist */ = {isa = PBXFileReference; lastKnownFileType = text.plist.xml; path = Info.plist; sourceTree = "<group>"; };
		74F892031E85B1EC00B544E6 /* RainOrShineUITests.xctest */ = {isa = PBXFileReference; explicitFileType = wrapper.cfbundle; includeInIndex = 0; path = RainOrShineUITests.xctest; sourceTree = BUILT_PRODUCTS_DIR; };
		74F892071E85B1EC00B544E6 /* RainOrShineUITests.swift */ = {isa = PBXFileReference; lastKnownFileType = sourcecode.swift; path = RainOrShineUITests.swift; sourceTree = "<group>"; };
		74F892091E85B1EC00B544E6 /* Info.plist */ = {isa = PBXFileReference; lastKnownFileType = text.plist.xml; path = Info.plist; sourceTree = "<group>"; };
/* End PBXFileReference section */

/* Begin PBXFrameworksBuildPhase section */
		74F891E11E85B1EB00B544E6 /* Frameworks */ = {
			isa = PBXFrameworksBuildPhase;
			buildActionMask = 2147483647;
			files = (
			);
			runOnlyForDeploymentPostprocessing = 0;
		};
		74F891F51E85B1EB00B544E6 /* Frameworks */ = {
			isa = PBXFrameworksBuildPhase;
			buildActionMask = 2147483647;
			files = (
			);
			runOnlyForDeploymentPostprocessing = 0;
		};
		74F892001E85B1EC00B544E6 /* Frameworks */ = {
			isa = PBXFrameworksBuildPhase;
			buildActionMask = 2147483647;
			files = (
			);
			runOnlyForDeploymentPostprocessing = 0;
		};
/* End PBXFrameworksBuildPhase section */

/* Begin PBXGroup section */
		74F891DB1E85B1EB00B544E6 = {
			isa = PBXGroup;
			children = (
				74F891E61E85B1EB00B544E6 /* RainOrShine */,
				74F891FB1E85B1EB00B544E6 /* RainOrShineTests */,
				74F892061E85B1EC00B544E6 /* RainOrShineUITests */,
				74F891E51E85B1EB00B544E6 /* Products */,
			);
			sourceTree = "<group>";
		};
		74F891E51E85B1EB00B544E6 /* Products */ = {
			isa = PBXGroup;
			children = (
				74F891E41E85B1EB00B544E6 /* RainOrShine.app */,
				74F891F81E85B1EB00B544E6 /* RainOrShineTests.xctest */,
				74F892031E85B1EC00B544E6 /* RainOrShineUITests.xctest */,
			);
			name = Products;
			sourceTree = "<group>";
		};
		74F891E61E85B1EB00B544E6 /* RainOrShine */ = {
			isa = PBXGroup;
			children = (
				74F892151E85B1FD00B544E6 /* Model */,
				74F892171E85B21400B544E6 /* Controller */,
				74F892161E85B20900B544E6 /* View */,
				74F891E71E85B1EB00B544E6 /* AppDelegate.swift */,
				74F891EB1E85B1EB00B544E6 /* Main.storyboard */,
				74F891EE1E85B1EB00B544E6 /* Assets.xcassets */,
				74F891F01E85B1EB00B544E6 /* LaunchScreen.storyboard */,
				74F891F31E85B1EB00B544E6 /* Info.plist */,
			);
			path = RainOrShine;
			sourceTree = "<group>";
		};
		74F891FB1E85B1EB00B544E6 /* RainOrShineTests */ = {
			isa = PBXGroup;
			children = (
				74F891FC1E85B1EB00B544E6 /* RainOrShineTests.swift */,
				74F891FE1E85B1EB00B544E6 /* Info.plist */,
			);
			path = RainOrShineTests;
			sourceTree = "<group>";
		};
		74F892061E85B1EC00B544E6 /* RainOrShineUITests */ = {
			isa = PBXGroup;
			children = (
				74F892071E85B1EC00B544E6 /* RainOrShineUITests.swift */,
				74F892091E85B1EC00B544E6 /* Info.plist */,
			);
			path = RainOrShineUITests;
			sourceTree = "<group>";
		};
		74F892151E85B1FD00B544E6 /* Model */ = {
			isa = PBXGroup;
			children = (
			);
			name = Model;
			sourceTree = "<group>";
		};
		74F892161E85B20900B544E6 /* View */ = {
			isa = PBXGroup;
			children = (
			);
			name = View;
			sourceTree = "<group>";
		};
		74F892171E85B21400B544E6 /* Controller */ = {
			isa = PBXGroup;
			children = (
				74F891E91E85B1EB00B544E6 /* ViewController.swift */,
			);
			name = Controller;
			sourceTree = "<group>";
		};
/* End PBXGroup section */

/* Begin PBXNativeTarget section */
		74F891E31E85B1EB00B544E6 /* RainOrShine */ = {
			isa = PBXNativeTarget;
			buildConfigurationList = 74F8920C1E85B1EC00B544E6 /* Build configuration list for PBXNativeTarget "RainOrShine" */;
			buildPhases = (
				74F891E01E85B1EB00B544E6 /* Sources */,
				74F891E11E85B1EB00B544E6 /* Frameworks */,
				74F891E21E85B1EB00B544E6 /* Resources */,
			);
			buildRules = (
			);
			dependencies = (
			);
			name = RainOrShine;
			productName = RainOrShine;
			productReference = 74F891E41E85B1EB00B544E6 /* RainOrShine.app */;
			productType = "com.apple.product-type.application";
		};
		74F891F71E85B1EB00B544E6 /* RainOrShineTests */ = {
			isa = PBXNativeTarget;
			buildConfigurationList = 74F8920F1E85B1EC00B544E6 /* Build configuration list for PBXNativeTarget "RainOrShineTests" */;
			buildPhases = (
				74F891F41E85B1EB00B544E6 /* Sources */,
				74F891F51E85B1EB00B544E6 /* Frameworks */,
				74F891F61E85B1EB00B544E6 /* Resources */,
			);
			buildRules = (
			);
			dependencies = (
				74F891FA1E85B1EB00B544E6 /* PBXTargetDependency */,
			);
			name = RainOrShineTests;
			productName = RainOrShineTests;
			productReference = 74F891F81E85B1EB00B544E6 /* RainOrShineTests.xctest */;
			productType = "com.apple.product-type.bundle.unit-test";
		};
		74F892021E85B1EC00B544E6 /* RainOrShineUITests */ = {
			isa = PBXNativeTarget;
			buildConfigurationList = 74F892121E85B1EC00B544E6 /* Build configuration list for PBXNativeTarget "RainOrShineUITests" */;
			buildPhases = (
				74F891FF1E85B1EC00B544E6 /* Sources */,
				74F892001E85B1EC00B544E6 /* Frameworks */,
				74F892011E85B1EC00B544E6 /* Resources */,
			);
			buildRules = (
			);
			dependencies = (
				74F892051E85B1EC00B544E6 /* PBXTargetDependency */,
			);
			name = RainOrShineUITests;
			productName = RainOrShineUITests;
			productReference = 74F892031E85B1EC00B544E6 /* RainOrShineUITests.xctest */;
			productType = "com.apple.product-type.bundle.ui-testing";
		};
/* End PBXNativeTarget section */

/* Begin PBXProject section */
		74F891DC1E85B1EB00B544E6 /* Project object */ = {
			isa = PBXProject;
			attributes = {
				LastSwiftUpdateCheck = 0820;
				LastUpgradeCheck = 0820;
				ORGANIZATIONNAME = 3..2..1..GO;
				TargetAttributes = {
					74F891E31E85B1EB00B544E6 = {
						CreatedOnToolsVersion = 8.2;
						DevelopmentTeam = 68FLA3XZ62;
						ProvisioningStyle = Automatic;
					};
					74F891F71E85B1EB00B544E6 = {
						CreatedOnToolsVersion = 8.2;
						DevelopmentTeam = 68FLA3XZ62;
						ProvisioningStyle = Automatic;
						TestTargetID = 74F891E31E85B1EB00B544E6;
					};
					74F892021E85B1EC00B544E6 = {
						CreatedOnToolsVersion = 8.2;
						DevelopmentTeam = 68FLA3XZ62;
						ProvisioningStyle = Automatic;
						TestTargetID = 74F891E31E85B1EB00B544E6;
					};
				};
			};
			buildConfigurationList = 74F891DF1E85B1EB00B544E6 /* Build configuration list for PBXProject "RainOrShine" */;
			compatibilityVersion = "Xcode 3.2";
			developmentRegion = English;
			hasScannedForEncodings = 0;
			knownRegions = (
				en,
				Base,
			);
			mainGroup = 74F891DB1E85B1EB00B544E6;
			productRefGroup = 74F891E51E85B1EB00B544E6 /* Products */;
			projectDirPath = "";
			projectRoot = "";
			targets = (
				74F891E31E85B1EB00B544E6 /* RainOrShine */,
				74F891F71E85B1EB00B544E6 /* RainOrShineTests */,
				74F892021E85B1EC00B544E6 /* RainOrShineUITests */,
			);
		};
/* End PBXProject section */

/* Begin PBXResourcesBuildPhase section */
		74F891E21E85B1EB00B544E6 /* Resources */ = {
			isa = PBXResourcesBuildPhase;
			buildActionMask = 2147483647;
			files = (
				74F891F21E85B1EB00B544E6 /* LaunchScreen.storyboard in Resources */,
				74F891EF1E85B1EB00B544E6 /* Assets.xcassets in Resources */,
				74F891ED1E85B1EB00B544E6 /* Main.storyboard in Resources */,
			);
			runOnlyForDeploymentPostprocessing = 0;
		};
		74F891F61E85B1EB00B544E6 /* Resources */ = {
			isa = PBXResourcesBuildPhase;
			buildActionMask = 2147483647;
			files = (
			);
			runOnlyForDeploymentPostprocessing = 0;
		};
		74F892011E85B1EC00B544E6 /* Resources */ = {
			isa = PBXResourcesBuildPhase;
			buildActionMask = 2147483647;
			files = (
			);
			runOnlyForDeploymentPostprocessing = 0;
		};
/* End PBXResourcesBuildPhase section */

/* Begin PBXSourcesBuildPhase section */
		74F891E01E85B1EB00B544E6 /* Sources */ = {
			isa = PBXSourcesBuildPhase;
			buildActionMask = 2147483647;
			files = (
				74F891EA1E85B1EB00B544E6 /* ViewController.swift in Sources */,
				74F891E81E85B1EB00B544E6 /* AppDelegate.swift in Sources */,
			);
			runOnlyForDeploymentPostprocessing = 0;
		};
		74F891F41E85B1EB00B544E6 /* Sources */ = {
			isa = PBXSourcesBuildPhase;
			buildActionMask = 2147483647;
			files = (
				74F891FD1E85B1EB00B544E6 /* RainOrShineTests.swift in Sources */,
			);
			runOnlyForDeploymentPostprocessing = 0;
		};
		74F891FF1E85B1EC00B544E6 /* Sources */ = {
			isa = PBXSourcesBuildPhase;
			buildActionMask = 2147483647;
			files = (
				74F892081E85B1EC00B544E6 /* RainOrShineUITests.swift in Sources */,
			);
			runOnlyForDeploymentPostprocessing = 0;
		};
/* End PBXSourcesBuildPhase section */

/* Begin PBXTargetDependency section */
		74F891FA1E85B1EB00B544E6 /* PBXTargetDependency */ = {
			isa = PBXTargetDependency;
			target = 74F891E31E85B1EB00B544E6 /* RainOrShine */;
			targetProxy = 74F891F91E85B1EB00B544E6 /* PBXContainerItemProxy */;
		};
		74F892051E85B1EC00B544E6 /* PBXTargetDependency */ = {
			isa = PBXTargetDependency;
			target = 74F891E31E85B1EB00B544E6 /* RainOrShine */;
			targetProxy = 74F892041E85B1EC00B544E6 /* PBXContainerItemProxy */;
		};
/* End PBXTargetDependency section */

/* Begin PBXVariantGroup section */
		74F891EB1E85B1EB00B544E6 /* Main.storyboard */ = {
			isa = PBXVariantGroup;
			children = (
				74F891EC1E85B1EB00B544E6 /* Base */,
			);
			name = Main.storyboard;
			sourceTree = "<group>";
		};
		74F891F01E85B1EB00B544E6 /* LaunchScreen.storyboard */ = {
			isa = PBXVariantGroup;
			children = (
				74F891F11E85B1EB00B544E6 /* Base */,
			);
			name = LaunchScreen.storyboard;
			sourceTree = "<group>";
		};
/* End PBXVariantGroup section */

/* Begin XCBuildConfiguration section */
		74F8920A1E85B1EC00B544E6 /* Debug */ = {
			isa = XCBuildConfiguration;
			buildSettings = {
				ALWAYS_SEARCH_USER_PATHS = NO;
				CLANG_ANALYZER_NONNULL = YES;
				CLANG_CXX_LANGUAGE_STANDARD = "gnu++0x";
				CLANG_CXX_LIBRARY = "libc++";
				CLANG_ENABLE_MODULES = YES;
				CLANG_ENABLE_OBJC_ARC = YES;
				CLANG_WARN_BOOL_CONVERSION = YES;
				CLANG_WARN_CONSTANT_CONVERSION = YES;
				CLANG_WARN_DIRECT_OBJC_ISA_USAGE = YES_ERROR;
				CLANG_WARN_DOCUMENTATION_COMMENTS = YES;
				CLANG_WARN_EMPTY_BODY = YES;
				CLANG_WARN_ENUM_CONVERSION = YES;
				CLANG_WARN_INFINITE_RECURSION = YES;
				CLANG_WARN_INT_CONVERSION = YES;
				CLANG_WARN_OBJC_ROOT_CLASS = YES_ERROR;
				CLANG_WARN_SUSPICIOUS_MOVE = YES;
				CLANG_WARN_UNREACHABLE_CODE = YES;
				CLANG_WARN__DUPLICATE_METHOD_MATCH = YES;
				"CODE_SIGN_IDENTITY[sdk=iphoneos*]" = "iPhone Developer";
				COPY_PHASE_STRIP = NO;
				DEBUG_INFORMATION_FORMAT = dwarf;
				ENABLE_STRICT_OBJC_MSGSEND = YES;
				ENABLE_TESTABILITY = YES;
				GCC_C_LANGUAGE_STANDARD = gnu99;
				GCC_DYNAMIC_NO_PIC = NO;
				GCC_NO_COMMON_BLOCKS = YES;
				GCC_OPTIMIZATION_LEVEL = 0;
				GCC_PREPROCESSOR_DEFINITIONS = (
					"DEBUG=1",
					"$(inherited)",
				);
				GCC_WARN_64_TO_32_BIT_CONVERSION = YES;
				GCC_WARN_ABOUT_RETURN_TYPE = YES_ERROR;
				GCC_WARN_UNDECLARED_SELECTOR = YES;
				GCC_WARN_UNINITIALIZED_AUTOS = YES_AGGRESSIVE;
				GCC_WARN_UNUSED_FUNCTION = YES;
				GCC_WARN_UNUSED_VARIABLE = YES;
				IPHONEOS_DEPLOYMENT_TARGET = 10.2;
				MTL_ENABLE_DEBUG_INFO = YES;
				ONLY_ACTIVE_ARCH = YES;
				SDKROOT = iphoneos;
				SWIFT_ACTIVE_COMPILATION_CONDITIONS = DEBUG;
				SWIFT_OPTIMIZATION_LEVEL = "-Onone";
				TARGETED_DEVICE_FAMILY = "1,2";
			};
			name = Debug;
		};
		74F8920B1E85B1EC00B544E6 /* Release */ = {
			isa = XCBuildConfiguration;
			buildSettings = {
				ALWAYS_SEARCH_USER_PATHS = NO;
				CLANG_ANALYZER_NONNULL = YES;
				CLANG_CXX_LANGUAGE_STANDARD = "gnu++0x";
				CLANG_CXX_LIBRARY = "libc++";
				CLANG_ENABLE_MODULES = YES;
				CLANG_ENABLE_OBJC_ARC = YES;
				CLANG_WARN_BOOL_CONVERSION = YES;
				CLANG_WARN_CONSTANT_CONVERSION = YES;
				CLANG_WARN_DIRECT_OBJC_ISA_USAGE = YES_ERROR;
				CLANG_WARN_DOCUMENTATION_COMMENTS = YES;
				CLANG_WARN_EMPTY_BODY = YES;
				CLANG_WARN_ENUM_CONVERSION = YES;
				CLANG_WARN_INFINITE_RECURSION = YES;
				CLANG_WARN_INT_CONVERSION = YES;
				CLANG_WARN_OBJC_ROOT_CLASS = YES_ERROR;
				CLANG_WARN_SUSPICIOUS_MOVE = YES;
				CLANG_WARN_UNREACHABLE_CODE = YES;
				CLANG_WARN__DUPLICATE_METHOD_MATCH = YES;
				"CODE_SIGN_IDENTITY[sdk=iphoneos*]" = "iPhone Developer";
				COPY_PHASE_STRIP = NO;
				DEBUG_INFORMATION_FORMAT = "dwarf-with-dsym";
				ENABLE_NS_ASSERTIONS = NO;
				ENABLE_STRICT_OBJC_MSGSEND = YES;
				GCC_C_LANGUAGE_STANDARD = gnu99;
				GCC_NO_COMMON_BLOCKS = YES;
				GCC_WARN_64_TO_32_BIT_CONVERSION = YES;
				GCC_WARN_ABOUT_RETURN_TYPE = YES_ERROR;
				GCC_WARN_UNDECLARED_SELECTOR = YES;
				GCC_WARN_UNINITIALIZED_AUTOS = YES_AGGRESSIVE;
				GCC_WARN_UNUSED_FUNCTION = YES;
				GCC_WARN_UNUSED_VARIABLE = YES;
				IPHONEOS_DEPLOYMENT_TARGET = 10.2;
				MTL_ENABLE_DEBUG_INFO = NO;
				SDKROOT = iphoneos;
				SWIFT_OPTIMIZATION_LEVEL = "-Owholemodule";
				TARGETED_DEVICE_FAMILY = "1,2";
				VALIDATE_PRODUCT = YES;
			};
			name = Release;
		};
		74F8920D1E85B1EC00B544E6 /* Debug */ = {
			isa = XCBuildConfiguration;
			buildSettings = {
				ASSETCATALOG_COMPILER_APPICON_NAME = AppIcon;
				DEVELOPMENT_TEAM = 68FLA3XZ62;
				INFOPLIST_FILE = RainOrShine/Info.plist;
				LD_RUNPATH_SEARCH_PATHS = "$(inherited) @executable_path/Frameworks";
				PRODUCT_BUNDLE_IDENTIFIER = com.sakota.RainOrShine;
				PRODUCT_NAME = "$(TARGET_NAME)";
				SWIFT_VERSION = 3.0;
			};
			name = Debug;
		};
		74F8920E1E85B1EC00B544E6 /* Release */ = {
			isa = XCBuildConfiguration;
			buildSettings = {
				ASSETCATALOG_COMPILER_APPICON_NAME = AppIcon;
				DEVELOPMENT_TEAM = 68FLA3XZ62;
				INFOPLIST_FILE = RainOrShine/Info.plist;
				LD_RUNPATH_SEARCH_PATHS = "$(inherited) @executable_path/Frameworks";
				PRODUCT_BUNDLE_IDENTIFIER = com.sakota.RainOrShine;
				PRODUCT_NAME = "$(TARGET_NAME)";
				SWIFT_VERSION = 3.0;
			};
			name = Release;
		};
		74F892101E85B1EC00B544E6 /* Debug */ = {
			isa = XCBuildConfiguration;
			buildSettings = {
				ALWAYS_EMBED_SWIFT_STANDARD_LIBRARIES = YES;
				BUNDLE_LOADER = "$(TEST_HOST)";
				DEVELOPMENT_TEAM = 68FLA3XZ62;
				INFOPLIST_FILE = RainOrShineTests/Info.plist;
				LD_RUNPATH_SEARCH_PATHS = "$(inherited) @executable_path/Frameworks @loader_path/Frameworks";
				PRODUCT_BUNDLE_IDENTIFIER = com.sakota.RainOrShineTests;
				PRODUCT_NAME = "$(TARGET_NAME)";
				SWIFT_VERSION = 3.0;
				TEST_HOST = "$(BUILT_PRODUCTS_DIR)/RainOrShine.app/RainOrShine";
			};
			name = Debug;
		};
		74F892111E85B1EC00B544E6 /* Release */ = {
			isa = XCBuildConfiguration;
			buildSettings = {
				ALWAYS_EMBED_SWIFT_STANDARD_LIBRARIES = YES;
				BUNDLE_LOADER = "$(TEST_HOST)";
				DEVELOPMENT_TEAM = 68FLA3XZ62;
				INFOPLIST_FILE = RainOrShineTests/Info.plist;
				LD_RUNPATH_SEARCH_PATHS = "$(inherited) @executable_path/Frameworks @loader_path/Frameworks";
				PRODUCT_BUNDLE_IDENTIFIER = com.sakota.RainOrShineTests;
				PRODUCT_NAME = "$(TARGET_NAME)";
				SWIFT_VERSION = 3.0;
				TEST_HOST = "$(BUILT_PRODUCTS_DIR)/RainOrShine.app/RainOrShine";
			};
			name = Release;
		};
		74F892131E85B1EC00B544E6 /* Debug */ = {
			isa = XCBuildConfiguration;
			buildSettings = {
				ALWAYS_EMBED_SWIFT_STANDARD_LIBRARIES = YES;
				DEVELOPMENT_TEAM = 68FLA3XZ62;
				INFOPLIST_FILE = RainOrShineUITests/Info.plist;
				LD_RUNPATH_SEARCH_PATHS = "$(inherited) @executable_path/Frameworks @loader_path/Frameworks";
				PRODUCT_BUNDLE_IDENTIFIER = com.sakota.RainOrShineUITests;
				PRODUCT_NAME = "$(TARGET_NAME)";
				SWIFT_VERSION = 3.0;
				TEST_TARGET_NAME = RainOrShine;
			};
			name = Debug;
		};
		74F892141E85B1EC00B544E6 /* Release */ = {
			isa = XCBuildConfiguration;
			buildSettings = {
				ALWAYS_EMBED_SWIFT_STANDARD_LIBRARIES = YES;
				DEVELOPMENT_TEAM = 68FLA3XZ62;
				INFOPLIST_FILE = RainOrShineUITests/Info.plist;
				LD_RUNPATH_SEARCH_PATHS = "$(inherited) @executable_path/Frameworks @loader_path/Frameworks";
				PRODUCT_BUNDLE_IDENTIFIER = com.sakota.RainOrShineUITests;
				PRODUCT_NAME = "$(TARGET_NAME)";
				SWIFT_VERSION = 3.0;
				TEST_TARGET_NAME = RainOrShine;
			};
			name = Release;
		};
/* End XCBuildConfiguration section */

/* Begin XCConfigurationList section */
		74F891DF1E85B1EB00B544E6 /* Build configuration list for PBXProject "RainOrShine" */ = {
			isa = XCConfigurationList;
			buildConfigurations = (
				74F8920A1E85B1EC00B544E6 /* Debug */,
				74F8920B1E85B1EC00B544E6 /* Release */,
			);
			defaultConfigurationIsVisible = 0;
			defaultConfigurationName = Release;
		};
		74F8920C1E85B1EC00B544E6 /* Build configuration list for PBXNativeTarget "RainOrShine" */ = {
			isa = XCConfigurationList;
			buildConfigurations = (
				74F8920D1E85B1EC00B544E6 /* Debug */,
				74F8920E1E85B1EC00B544E6 /* Release */,
			);
			defaultConfigurationIsVisible = 0;
		};
		74F8920F1E85B1EC00B544E6 /* Build configuration list for PBXNativeTarget "RainOrShineTests" */ = {
			isa = XCConfigurationList;
			buildConfigurations = (
				74F892101E85B1EC00B544E6 /* Debug */,
				74F892111E85B1EC00B544E6 /* Release */,
			);
			defaultConfigurationIsVisible = 0;
		};
		74F892121E85B1EC00B544E6 /* Build configuration list for PBXNativeTarget "RainOrShineUITests" */ = {
			isa = XCConfigurationList;
			buildConfigurations = (
				74F892131E85B1EC00B544E6 /* Debug */,
				74F892141E85B1EC00B544E6 /* Release */,
			);
			defaultConfigurationIsVisible = 0;
		};
/* End XCConfigurationList section */
	};
	rootObject = 74F891DC1E85B1EB00B544E6 /* Project object */;
}
